{
  "requires": true,
  "lockfileVersion": 1,
  "dependencies": {
    "meanderer": {
      "version": "0.0.1",
      "resolved": "https://registry.npmjs.org/meanderer/-/meanderer-0.0.1.tgz",
      "integrity": "sha512-6sx5sArPLfSf8bZSgfrRopX5hB5VkZ5OLnlXGZ87InPDbp9Eyb3qVvY2pXfgqMs0ilIJNxy5MzsTDFeXoDAodQ=="
    }
  }
}
